// !$*UTF8*$!
{
	archiveVersion = 1;
	classes = {
	};
	objectVersion = 46;
	objects = {

/* Begin PBXBuildFile section */
		66B6BBFC5893FC404A65F24D /* Pods_Twitter.framework in Frameworks */ = {isa = PBXBuildFile; fileRef = E88722ED660B3052B9D2A155 /* Pods_Twitter.framework */; };
		790661AC1DC5841500009393 /* TwitterClient.swift in Sources */ = {isa = PBXBuildFile; fileRef = 790661AB1DC5841500009393 /* TwitterClient.swift */; };
		791B30A01DC868F90007841F /* Utils.swift in Sources */ = {isa = PBXBuildFile; fileRef = 791B309F1DC868F90007841F /* Utils.swift */; };
		793415AB1DC824360089EFEC /* TweetViewController.swift in Sources */ = {isa = PBXBuildFile; fileRef = 793415AA1DC824360089EFEC /* TweetViewController.swift */; };
		79371DF61DCD726800244FAA /* HamburgerViewController.swift in Sources */ = {isa = PBXBuildFile; fileRef = 79371DF51DCD726800244FAA /* HamburgerViewController.swift */; };
		79371DF81DCD727B00244FAA /* MenuViewController.swift in Sources */ = {isa = PBXBuildFile; fileRef = 79371DF71DCD727B00244FAA /* MenuViewController.swift */; };
		796F804F1DC7262100B4DF0D /* TweetsViewController.swift in Sources */ = {isa = PBXBuildFile; fileRef = 796F804E1DC7262100B4DF0D /* TweetsViewController.swift */; };
		796F80521DC731B800B4DF0D /* TweetCell.swift in Sources */ = {isa = PBXBuildFile; fileRef = 796F80511DC731B800B4DF0D /* TweetCell.swift */; };
		796F80541DC7326000B4DF0D /* Tweet.swift in Sources */ = {isa = PBXBuildFile; fileRef = 796F80531DC7326000B4DF0D /* Tweet.swift */; };
		797446F11DCD7700008CE803 /* MenuCell.swift in Sources */ = {isa = PBXBuildFile; fileRef = 797446F01DCD7700008CE803 /* MenuCell.swift */; };
		798198451DC8053E0063E334 /* ComposeViewController.swift in Sources */ = {isa = PBXBuildFile; fileRef = 798198441DC8053E0063E334 /* ComposeViewController.swift */; };
		79ADB58E1DC580CE009A699F /* AppDelegate.swift in Sources */ = {isa = PBXBuildFile; fileRef = 79ADB58D1DC580CE009A699F /* AppDelegate.swift */; };
		79ADB5901DC580CE009A699F /* LoginViewController.swift in Sources */ = {isa = PBXBuildFile; fileRef = 79ADB58F1DC580CE009A699F /* LoginViewController.swift */; };
		79ADB5931DC580CE009A699F /* Main.storyboard in Resources */ = {isa = PBXBuildFile; fileRef = 79ADB5911DC580CE009A699F /* Main.storyboard */; };
		79ADB5951DC580CE009A699F /* Assets.xcassets in Resources */ = {isa = PBXBuildFile; fileRef = 79ADB5941DC580CE009A699F /* Assets.xcassets */; };
		79ADB5981DC580CE009A699F /* LaunchScreen.storyboard in Resources */ = {isa = PBXBuildFile; fileRef = 79ADB5961DC580CE009A699F /* LaunchScreen.storyboard */; };
		79B96B461DCD7E9800A38D7D /* ProfileViewController.swift in Sources */ = {isa = PBXBuildFile; fileRef = 79B96B451DCD7E9800A38D7D /* ProfileViewController.swift */; };
		79C5C68E1DD01CCA00040B17 /* TweetCell.xib in Resources */ = {isa = PBXBuildFile; fileRef = 79C5C68C1DD01CCA00040B17 /* TweetCell.xib */; };
		79E23D0D1DC7196800EA01A5 /* User.swift in Sources */ = {isa = PBXBuildFile; fileRef = 79E23D0C1DC7196800EA01A5 /* User.swift */; };
/* End PBXBuildFile section */

/* Begin PBXFileReference section */
		790661AB1DC5841500009393 /* TwitterClient.swift */ = {isa = PBXFileReference; fileEncoding = 4; lastKnownFileType = sourcecode.swift; path = TwitterClient.swift; sourceTree = "<group>"; };
		791B309F1DC868F90007841F /* Utils.swift */ = {isa = PBXFileReference; fileEncoding = 4; lastKnownFileType = sourcecode.swift; path = Utils.swift; sourceTree = "<group>"; };
		793415AA1DC824360089EFEC /* TweetViewController.swift */ = {isa = PBXFileReference; fileEncoding = 4; lastKnownFileType = sourcecode.swift; path = TweetViewController.swift; sourceTree = "<group>"; };
		79371DF51DCD726800244FAA /* HamburgerViewController.swift */ = {isa = PBXFileReference; fileEncoding = 4; lastKnownFileType = sourcecode.swift; name = HamburgerViewController.swift; path = ../../Falcon/Falcon/HamburgerViewController.swift; sourceTree = "<group>"; };
		79371DF71DCD727B00244FAA /* MenuViewController.swift */ = {isa = PBXFileReference; fileEncoding = 4; lastKnownFileType = sourcecode.swift; name = MenuViewController.swift; path = ../../Falcon/Falcon/MenuViewController.swift; sourceTree = "<group>"; };
		796F804E1DC7262100B4DF0D /* TweetsViewController.swift */ = {isa = PBXFileReference; fileEncoding = 4; lastKnownFileType = sourcecode.swift; path = TweetsViewController.swift; sourceTree = "<group>"; };
		796F80511DC731B800B4DF0D /* TweetCell.swift */ = {isa = PBXFileReference; fileEncoding = 4; lastKnownFileType = sourcecode.swift; path = TweetCell.swift; sourceTree = "<group>"; };
		796F80531DC7326000B4DF0D /* Tweet.swift */ = {isa = PBXFileReference; fileEncoding = 4; lastKnownFileType = sourcecode.swift; path = Tweet.swift; sourceTree = "<group>"; };
		797446F01DCD7700008CE803 /* MenuCell.swift */ = {isa = PBXFileReference; fileEncoding = 4; lastKnownFileType = sourcecode.swift; path = MenuCell.swift; sourceTree = "<group>"; };
		798198441DC8053E0063E334 /* ComposeViewController.swift */ = {isa = PBXFileReference; fileEncoding = 4; lastKnownFileType = sourcecode.swift; path = ComposeViewController.swift; sourceTree = "<group>"; };
		79ADB58A1DC580CE009A699F /* Twitter.app */ = {isa = PBXFileReference; explicitFileType = wrapper.application; includeInIndex = 0; path = Twitter.app; sourceTree = BUILT_PRODUCTS_DIR; };
		79ADB58D1DC580CE009A699F /* AppDelegate.swift */ = {isa = PBXFileReference; lastKnownFileType = sourcecode.swift; path = AppDelegate.swift; sourceTree = "<group>"; };
		79ADB58F1DC580CE009A699F /* LoginViewController.swift */ = {isa = PBXFileReference; lastKnownFileType = sourcecode.swift; path = LoginViewController.swift; sourceTree = "<group>"; };
		79ADB5921DC580CE009A699F /* Base */ = {isa = PBXFileReference; lastKnownFileType = file.storyboard; name = Base; path = Base.lproj/Main.storyboard; sourceTree = "<group>"; };
		79ADB5941DC580CE009A699F /* Assets.xcassets */ = {isa = PBXFileReference; lastKnownFileType = folder.assetcatalog; path = Assets.xcassets; sourceTree = "<group>"; };
		79ADB5971DC580CE009A699F /* Base */ = {isa = PBXFileReference; lastKnownFileType = file.storyboard; name = Base; path = Base.lproj/LaunchScreen.storyboard; sourceTree = "<group>"; };
		79ADB5991DC580CE009A699F /* Info.plist */ = {isa = PBXFileReference; lastKnownFileType = text.plist.xml; path = Info.plist; sourceTree = "<group>"; };
		79ADB59F1DC58188009A699F /* Twitter.entitlements */ = {isa = PBXFileReference; lastKnownFileType = text.plist.entitlements; path = Twitter.entitlements; sourceTree = "<group>"; };
		79B96B451DCD7E9800A38D7D /* ProfileViewController.swift */ = {isa = PBXFileReference; fileEncoding = 4; lastKnownFileType = sourcecode.swift; path = ProfileViewController.swift; sourceTree = "<group>"; };
		79C5C68C1DD01CCA00040B17 /* TweetCell.xib */ = {isa = PBXFileReference; fileEncoding = 4; lastKnownFileType = file.xib; path = TweetCell.xib; sourceTree = "<group>"; };
		79E23D0C1DC7196800EA01A5 /* User.swift */ = {isa = PBXFileReference; fileEncoding = 4; lastKnownFileType = sourcecode.swift; path = User.swift; sourceTree = "<group>"; };
		8F8102A5A9A7AF23F30CFD03 /* Pods-Twitter.debug.xcconfig */ = {isa = PBXFileReference; includeInIndex = 1; lastKnownFileType = text.xcconfig; name = "Pods-Twitter.debug.xcconfig"; path = "Pods/Target Support Files/Pods-Twitter/Pods-Twitter.debug.xcconfig"; sourceTree = "<group>"; };
		95E34B01AD9A9080FDD9C573 /* Pods-Twitter.release.xcconfig */ = {isa = PBXFileReference; includeInIndex = 1; lastKnownFileType = text.xcconfig; name = "Pods-Twitter.release.xcconfig"; path = "Pods/Target Support Files/Pods-Twitter/Pods-Twitter.release.xcconfig"; sourceTree = "<group>"; };
		E88722ED660B3052B9D2A155 /* Pods_Twitter.framework */ = {isa = PBXFileReference; explicitFileType = wrapper.framework; includeInIndex = 0; path = Pods_Twitter.framework; sourceTree = BUILT_PRODUCTS_DIR; };
/* End PBXFileReference section */

/* Begin PBXFrameworksBuildPhase section */
		79ADB5871DC580CE009A699F /* Frameworks */ = {
			isa = PBXFrameworksBuildPhase;
			buildActionMask = 2147483647;
			files = (
				66B6BBFC5893FC404A65F24D /* Pods_Twitter.framework in Frameworks */,
			);
			runOnlyForDeploymentPostprocessing = 0;
		};
/* End PBXFrameworksBuildPhase section */

/* Begin PBXGroup section */
		790661A81DC5823900009393 /* Models */ = {
			isa = PBXGroup;
			children = (
				79E23D0C1DC7196800EA01A5 /* User.swift */,
				791B309F1DC868F90007841F /* Utils.swift */,
				796F80531DC7326000B4DF0D /* Tweet.swift */,
			);
			name = Models;
			sourceTree = "<group>";
		};
		790661A91DC5823D00009393 /* View Controllers */ = {
			isa = PBXGroup;
			children = (
				79371DF51DCD726800244FAA /* HamburgerViewController.swift */,
				79371DF71DCD727B00244FAA /* MenuViewController.swift */,
				79ADB58F1DC580CE009A699F /* LoginViewController.swift */,
				796F804E1DC7262100B4DF0D /* TweetsViewController.swift */,
				798198441DC8053E0063E334 /* ComposeViewController.swift */,
				793415AA1DC824360089EFEC /* TweetViewController.swift */,
				79B96B451DCD7E9800A38D7D /* ProfileViewController.swift */,
			);
			name = "View Controllers";
			sourceTree = "<group>";
		};
		790661AA1DC5824800009393 /* Api */ = {
			isa = PBXGroup;
			children = (
				790661AB1DC5841500009393 /* TwitterClient.swift */,
			);
			name = Api;
			sourceTree = "<group>";
		};
		796F80501DC7319F00B4DF0D /* Views */ = {
			isa = PBXGroup;
			children = (
				796F80511DC731B800B4DF0D /* TweetCell.swift */,
				797446F01DCD7700008CE803 /* MenuCell.swift */,
				79C5C68C1DD01CCA00040B17 /* TweetCell.xib */,
			);
			name = Views;
			sourceTree = "<group>";
		};
		79ADB5811DC580CE009A699F = {
			isa = PBXGroup;
			children = (
				79ADB58C1DC580CE009A699F /* Twitter */,
				79ADB58B1DC580CE009A699F /* Products */,
				DA39138BA57E42D94631E872 /* Pods */,
				847DE69EF28094ED57710147 /* Frameworks */,
			);
			sourceTree = "<group>";
		};
		79ADB58B1DC580CE009A699F /* Products */ = {
			isa = PBXGroup;
			children = (
				79ADB58A1DC580CE009A699F /* Twitter.app */,
			);
			name = Products;
			sourceTree = "<group>";
		};
		79ADB58C1DC580CE009A699F /* Twitter */ = {
			isa = PBXGroup;
			children = (
				790661AA1DC5824800009393 /* Api */,
				796F80501DC7319F00B4DF0D /* Views */,
				790661A91DC5823D00009393 /* View Controllers */,
				790661A81DC5823900009393 /* Models */,
				79ADB58D1DC580CE009A699F /* AppDelegate.swift */,
				79ADB5911DC580CE009A699F /* Main.storyboard */,
				79ADB59F1DC58188009A699F /* Twitter.entitlements */,
				79ADB5941DC580CE009A699F /* Assets.xcassets */,
				79ADB5961DC580CE009A699F /* LaunchScreen.storyboard */,
				79ADB5991DC580CE009A699F /* Info.plist */,
			);
			path = Twitter;
			sourceTree = "<group>";
		};
		847DE69EF28094ED57710147 /* Frameworks */ = {
			isa = PBXGroup;
			children = (
				E88722ED660B3052B9D2A155 /* Pods_Twitter.framework */,
			);
			name = Frameworks;
			sourceTree = "<group>";
		};
		DA39138BA57E42D94631E872 /* Pods */ = {
			isa = PBXGroup;
			children = (
				8F8102A5A9A7AF23F30CFD03 /* Pods-Twitter.debug.xcconfig */,
				95E34B01AD9A9080FDD9C573 /* Pods-Twitter.release.xcconfig */,
			);
			name = Pods;
			sourceTree = "<group>";
		};
/* End PBXGroup section */

/* Begin PBXNativeTarget section */
		79ADB5891DC580CE009A699F /* Twitter */ = {
			isa = PBXNativeTarget;
			buildConfigurationList = 79ADB59C1DC580CE009A699F /* Build configuration list for PBXNativeTarget "Twitter" */;
			buildPhases = (
				62463A4D592B346BF7A33C19 /* [CP] Check Pods Manifest.lock */,
				79ADB5861DC580CE009A699F /* Sources */,
				79ADB5871DC580CE009A699F /* Frameworks */,
				79ADB5881DC580CE009A699F /* Resources */,
				6BCBD3675CD946D35BDB4354 /* [CP] Embed Pods Frameworks */,
				3099F9C37A8743B6732A1896 /* [CP] Copy Pods Resources */,
			);
			buildRules = (
			);
			dependencies = (
			);
			name = Twitter;
			productName = Twitter;
			productReference = 79ADB58A1DC580CE009A699F /* Twitter.app */;
			productType = "com.apple.product-type.application";
		};
/* End PBXNativeTarget section */

/* Begin PBXProject section */
		79ADB5821DC580CE009A699F /* Project object */ = {
			isa = PBXProject;
			attributes = {
				LastSwiftUpdateCheck = 0810;
				LastUpgradeCheck = 0810;
				ORGANIZATIONNAME = "Keith Lee";
				TargetAttributes = {
					79ADB5891DC580CE009A699F = {
						CreatedOnToolsVersion = 8.1;
						DevelopmentTeam = 5K27PD58GS;
						ProvisioningStyle = Automatic;
						SystemCapabilities = {
							com.apple.Keychain = {
								enabled = 1;
							};
						};
					};
				};
			};
			buildConfigurationList = 79ADB5851DC580CE009A699F /* Build configuration list for PBXProject "Twitter" */;
			compatibilityVersion = "Xcode 3.2";
			developmentRegion = English;
			hasScannedForEncodings = 0;
			knownRegions = (
				en,
				Base,
			);
			mainGroup = 79ADB5811DC580CE009A699F;
			productRefGroup = 79ADB58B1DC580CE009A699F /* Products */;
			projectDirPath = "";
			projectRoot = "";
			targets = (
				79ADB5891DC580CE009A699F /* Twitter */,
			);
		};
/* End PBXProject section */

/* Begin PBXResourcesBuildPhase section */
		79ADB5881DC580CE009A699F /* Resources */ = {
			isa = PBXResourcesBuildPhase;
			buildActionMask = 2147483647;
			files = (
				79C5C68E1DD01CCA00040B17 /* TweetCell.xib in Resources */,
				79ADB5981DC580CE009A699F /* LaunchScreen.storyboard in Resources */,
				79ADB5951DC580CE009A699F /* Assets.xcassets in Resources */,
				79ADB5931DC580CE009A699F /* Main.storyboard in Resources */,
			);
			runOnlyForDeploymentPostprocessing = 0;
		};
/* End PBXResourcesBuildPhase section */

/* Begin PBXShellScriptBuildPhase section */
		3099F9C37A8743B6732A1896 /* [CP] Copy Pods Resources */ = {
			isa = PBXShellScriptBuildPhase;
			buildActionMask = 2147483647;
			files = (
			);
			inputPaths = (
			);
			name = "[CP] Copy Pods Resources";
			outputPaths = (
			);
			runOnlyForDeploymentPostprocessing = 0;
			shellPath = /bin/sh;
			shellScript = "\"${SRCROOT}/Pods/Target Support Files/Pods-Twitter/Pods-Twitter-resources.sh\"\n";
			showEnvVarsInLog = 0;
		};
		62463A4D592B346BF7A33C19 /* [CP] Check Pods Manifest.lock */ = {
			isa = PBXShellScriptBuildPhase;
			buildActionMask = 2147483647;
			files = (
			);
			inputPaths = (
			);
			name = "[CP] Check Pods Manifest.lock";
			outputPaths = (
			);
			runOnlyForDeploymentPostprocessing = 0;
			shellPath = /bin/sh;
			shellScript = "diff \"${PODS_ROOT}/../Podfile.lock\" \"${PODS_ROOT}/Manifest.lock\" > /dev/null\nif [ $? != 0 ] ; then\n    # print error to STDERR\n    echo \"error: The sandbox is not in sync with the Podfile.lock. Run 'pod install' or update your CocoaPods installation.\" >&2\n    exit 1\nfi\n";
			showEnvVarsInLog = 0;
		};
		6BCBD3675CD946D35BDB4354 /* [CP] Embed Pods Frameworks */ = {
			isa = PBXShellScriptBuildPhase;
			buildActionMask = 2147483647;
			files = (
			);
			inputPaths = (
			);
			name = "[CP] Embed Pods Frameworks";
			outputPaths = (
			);
			runOnlyForDeploymentPostprocessing = 0;
			shellPath = /bin/sh;
			shellScript = "\"${SRCROOT}/Pods/Target Support Files/Pods-Twitter/Pods-Twitter-frameworks.sh\"\n";
			showEnvVarsInLog = 0;
		};
/* End PBXShellScriptBuildPhase section */

/* Begin PBXSourcesBuildPhase section */
		79ADB5861DC580CE009A699F /* Sources */ = {
			isa = PBXSourcesBuildPhase;
			buildActionMask = 2147483647;
			files = (
				796F804F1DC7262100B4DF0D /* TweetsViewController.swift in Sources */,
				79E23D0D1DC7196800EA01A5 /* User.swift in Sources */,
				793415AB1DC824360089EFEC /* TweetViewController.swift in Sources */,
				79ADB5901DC580CE009A699F /* LoginViewController.swift in Sources */,
				79B96B461DCD7E9800A38D7D /* ProfileViewController.swift in Sources */,
				79371DF61DCD726800244FAA /* HamburgerViewController.swift in Sources */,
				791B30A01DC868F90007841F /* Utils.swift in Sources */,
				798198451DC8053E0063E334 /* ComposeViewController.swift in Sources */,
				79371DF81DCD727B00244FAA /* MenuViewController.swift in Sources */,
				796F80541DC7326000B4DF0D /* Tweet.swift in Sources */,
				796F80521DC731B800B4DF0D /* TweetCell.swift in Sources */,
				790661AC1DC5841500009393 /* TwitterClient.swift in Sources */,
				797446F11DCD7700008CE803 /* MenuCell.swift in Sources */,
				79ADB58E1DC580CE009A699F /* AppDelegate.swift in Sources */,
			);
			runOnlyForDeploymentPostprocessing = 0;
		};
/* End PBXSourcesBuildPhase section */

/* Begin PBXVariantGroup section */
		79ADB5911DC580CE009A699F /* Main.storyboard */ = {
			isa = PBXVariantGroup;
			children = (
				79ADB5921DC580CE009A699F /* Base */,
			);
			name = Main.storyboard;
			sourceTree = "<group>";
		};
		79ADB5961DC580CE009A699F /* LaunchScreen.storyboard */ = {
			isa = PBXVariantGroup;
			children = (
				79ADB5971DC580CE009A699F /* Base */,
			);
			name = LaunchScreen.storyboard;
			sourceTree = "<group>";
		};
/* End PBXVariantGroup section */

/* Begin XCBuildConfiguration section */
		79ADB59A1DC580CE009A699F /* Debug */ = {
			isa = XCBuildConfiguration;
			buildSettings = {
				ALWAYS_SEARCH_USER_PATHS = NO;
				CLANG_ANALYZER_NONNULL = YES;
				CLANG_CXX_LANGUAGE_STANDARD = "gnu++0x";
				CLANG_CXX_LIBRARY = "libc++";
				CLANG_ENABLE_MODULES = YES;
				CLANG_ENABLE_OBJC_ARC = YES;
				CLANG_WARN_BOOL_CONVERSION = YES;
				CLANG_WARN_CONSTANT_CONVERSION = YES;
				CLANG_WARN_DIRECT_OBJC_ISA_USAGE = YES_ERROR;
				CLANG_WARN_DOCUMENTATION_COMMENTS = YES;
				CLANG_WARN_EMPTY_BODY = YES;
				CLANG_WARN_ENUM_CONVERSION = YES;
				CLANG_WARN_INFINITE_RECURSION = YES;
				CLANG_WARN_INT_CONVERSION = YES;
				CLANG_WARN_OBJC_ROOT_CLASS = YES_ERROR;
				CLANG_WARN_SUSPICIOUS_MOVE = YES;
				CLANG_WARN_SUSPICIOUS_MOVES = YES;
				CLANG_WARN_UNREACHABLE_CODE = YES;
				CLANG_WARN__DUPLICATE_METHOD_MATCH = YES;
				"CODE_SIGN_IDENTITY[sdk=iphoneos*]" = "iPhone Developer";
				COPY_PHASE_STRIP = NO;
				DEBUG_INFORMATION_FORMAT = dwarf;
				ENABLE_STRICT_OBJC_MSGSEND = YES;
				ENABLE_TESTABILITY = YES;
				GCC_C_LANGUAGE_STANDARD = gnu99;
				GCC_DYNAMIC_NO_PIC = NO;
				GCC_NO_COMMON_BLOCKS = YES;
				GCC_OPTIMIZATION_LEVEL = 0;
				GCC_PREPROCESSOR_DEFINITIONS = (
					"DEBUG=1",
					"$(inherited)",
				);
				GCC_WARN_64_TO_32_BIT_CONVERSION = YES;
				GCC_WARN_ABOUT_RETURN_TYPE = YES_ERROR;
				GCC_WARN_UNDECLARED_SELECTOR = YES;
				GCC_WARN_UNINITIALIZED_AUTOS = YES_AGGRESSIVE;
				GCC_WARN_UNUSED_FUNCTION = YES;
				GCC_WARN_UNUSED_VARIABLE = YES;
				IPHONEOS_DEPLOYMENT_TARGET = 10.1;
				MTL_ENABLE_DEBUG_INFO = YES;
				ONLY_ACTIVE_ARCH = YES;
				SDKROOT = iphoneos;
				SWIFT_ACTIVE_COMPILATION_CONDITIONS = DEBUG;
				SWIFT_OPTIMIZATION_LEVEL = "-Onone";
				TARGETED_DEVICE_FAMILY = "1,2";
			};
			name = Debug;
		};
		79ADB59B1DC580CE009A699F /* Release */ = {
			isa = XCBuildConfiguration;
			buildSettings = {
				ALWAYS_SEARCH_USER_PATHS = NO;
				CLANG_ANALYZER_NONNULL = YES;
				CLANG_CXX_LANGUAGE_STANDARD = "gnu++0x";
				CLANG_CXX_LIBRARY = "libc++";
				CLANG_ENABLE_MODULES = YES;
				CLANG_ENABLE_OBJC_ARC = YES;
				CLANG_WARN_BOOL_CONVERSION = YES;
				CLANG_WARN_CONSTANT_CONVERSION = YES;
				CLANG_WARN_DIRECT_OBJC_ISA_USAGE = YES_ERROR;
				CLANG_WARN_DOCUMENTATION_COMMENTS = YES;
				CLANG_WARN_EMPTY_BODY = YES;
				CLANG_WARN_ENUM_CONVERSION = YES;
				CLANG_WARN_INFINITE_RECURSION = YES;
				CLANG_WARN_INT_CONVERSION = YES;
				CLANG_WARN_OBJC_ROOT_CLASS = YES_ERROR;
				CLANG_WARN_SUSPICIOUS_MOVE = YES;
				CLANG_WARN_SUSPICIOUS_MOVES = YES;
				CLANG_WARN_UNREACHABLE_CODE = YES;
				CLANG_WARN__DUPLICATE_METHOD_MATCH = YES;
				"CODE_SIGN_IDENTITY[sdk=iphoneos*]" = "iPhone Developer";
				COPY_PHASE_STRIP = NO;
				DEBUG_INFORMATION_FORMAT = "dwarf-with-dsym";
				ENABLE_NS_ASSERTIONS = NO;
				ENABLE_STRICT_OBJC_MSGSEND = YES;
				GCC_C_LANGUAGE_STANDARD = gnu99;
				GCC_NO_COMMON_BLOCKS = YES;
				GCC_WARN_64_TO_32_BIT_CONVERSION = YES;
				GCC_WARN_ABOUT_RETURN_TYPE = YES_ERROR;
				GCC_WARN_UNDECLARED_SELECTOR = YES;
				GCC_WARN_UNINITIALIZED_AUTOS = YES_AGGRESSIVE;
				GCC_WARN_UNUSED_FUNCTION = YES;
				GCC_WARN_UNUSED_VARIABLE = YES;
				IPHONEOS_DEPLOYMENT_TARGET = 10.1;
				MTL_ENABLE_DEBUG_INFO = NO;
				SDKROOT = iphoneos;
				SWIFT_OPTIMIZATION_LEVEL = "-Owholemodule";
				TARGETED_DEVICE_FAMILY = "1,2";
				VALIDATE_PRODUCT = YES;
			};
			name = Release;
		};
		79ADB59D1DC580CE009A699F /* Debug */ = {
			isa = XCBuildConfiguration;
			baseConfigurationReference = 8F8102A5A9A7AF23F30CFD03 /* Pods-Twitter.debug.xcconfig */;
			buildSettings = {
				ASSETCATALOG_COMPILER_APPICON_NAME = AppIcon;
				CODE_SIGN_ENTITLEMENTS = Twitter/Twitter.entitlements;
				DEVELOPMENT_TEAM = 5K27PD58GS;
				INFOPLIST_FILE = Twitter/Info.plist;
				LD_RUNPATH_SEARCH_PATHS = "$(inherited) @executable_path/Frameworks";
				PRODUCT_BUNDLE_IDENTIFIER = com.KeithLee.TwitterLight;
				PRODUCT_NAME = "$(TARGET_NAME)";
				SWIFT_VERSION = 3.0;
			};
			name = Debug;
		};
		79ADB59E1DC580CE009A699F /* Release */ = {
			isa = XCBuildConfiguration;
			baseConfigurationReference = 95E34B01AD9A9080FDD9C573 /* Pods-Twitter.release.xcconfig */;
			buildSettings = {
				ASSETCATALOG_COMPILER_APPICON_NAME = AppIcon;
				CODE_SIGN_ENTITLEMENTS = Twitter/Twitter.entitlements;
				DEVELOPMENT_TEAM = 5K27PD58GS;
				INFOPLIST_FILE = Twitter/Info.plist;
				LD_RUNPATH_SEARCH_PATHS = "$(inherited) @executable_path/Frameworks";
				PRODUCT_BUNDLE_IDENTIFIER = com.KeithLee.TwitterLight;
				PRODUCT_NAME = "$(TARGET_NAME)";
				SWIFT_VERSION = 3.0;
			};
			name = Release;
		};
/* End XCBuildConfiguration section */

/* Begin XCConfigurationList section */
		79ADB5851DC580CE009A699F /* Build configuration list for PBXProject "Twitter" */ = {
			isa = XCConfigurationList;
			buildConfigurations = (
				79ADB59A1DC580CE009A699F /* Debug */,
				79ADB59B1DC580CE009A699F /* Release */,
			);
			defaultConfigurationIsVisible = 0;
			defaultConfigurationName = Release;
		};
		79ADB59C1DC580CE009A699F /* Build configuration list for PBXNativeTarget "Twitter" */ = {
			isa = XCConfigurationList;
			buildConfigurations = (
				79ADB59D1DC580CE009A699F /* Debug */,
				79ADB59E1DC580CE009A699F /* Release */,
			);
			defaultConfigurationIsVisible = 0;
			defaultConfigurationName = Release;
		};
/* End XCConfigurationList section */
	};
	rootObject = 79ADB5821DC580CE009A699F /* Project object */;
}
